
Microsoft Visual Studio Solution File, Format Version 12.00
# Visual Studio Version 17
VisualStudioVersion = 17.1.32210.238
MinimumVisualStudioVersion = 10.0.40219.1
Project("{8BC9CEB8-8B4A-11D0-8D11-00A0C91BC942}") = "TooManyBullets", "TooManyBullets.vcxproj", "{D87B4913-70A1-4805-91C0-E04823C6AC5C}"
EndProject
Global
	GlobalSection(SolutionConfigurationPlatforms) = preSolution
		Debug|x64 = Debug|x64
		Debug|x86 = Debug|x86
		Release|x64 = Release|x64
		Release|x86 = Release|x86
	EndGlobalSection
	GlobalSection(ProjectConfigurationPlatforms) = postSolution
		{D87B4913-70A1-4805-91C0-E04823C6AC5C}.Debug|x64.ActiveCfg = Debug|x64
		{D87B4913-70A1-4805-91C0-E04823C6AC5C}.Debug|x64.Build.0 = Debug|x64
		{D87B4913-70A1-4805-91C0-E04823C6AC5C}.Debug|x86.ActiveCfg = Debug|Win32
		{D87B4913-70A1-4805-91C0-E04823C6AC5C}.Debug|x86.Build.0 = Debug|Win32
		{D87B4913-70A1-4805-91C0-E04823C6AC5C}.Release|x64.ActiveCfg = Release|x64
		{D87B4913-70A1-4805-91C0-E04823C6AC5C}.Release|x64.Build.0 = Release|x64
		{D87B4913-70A1-4805-91C0-E04823C6AC5C}.Release|x86.ActiveCfg = Release|Win32
		{D87B4913-70A1-4805-91C0-E04823C6AC5C}.Release|x86.Build.0 = Release|Win32
	EndGlobalSection
	GlobalSection(SolutionProperties) = preSolution
		HideSolutionNode = FALSE
	EndGlobalSection
	GlobalSection(ExtensibilityGlobals) = postSolution
		SolutionGuid = {99304822-AFB6-4C90-A00F-C484EE8AF1C4}
	EndGlobalSection
EndGlobal
